// !$*UTF8*$!
{
	archiveVersion = 1;
	classes = {
	};
	objectVersion = 50;
	objects = {

/* Begin PBXBuildFile section */
		E11F01B726C287B60053A777 /* AppDelegate.swift in Sources */ = {isa = PBXBuildFile; fileRef = E11F01B626C287B60053A777 /* AppDelegate.swift */; };
		E11F01B926C287B60053A777 /* SceneDelegate.swift in Sources */ = {isa = PBXBuildFile; fileRef = E11F01B826C287B60053A777 /* SceneDelegate.swift */; };
		E11F01BB26C287B60053A777 /* ChecklistViewController.swift in Sources */ = {isa = PBXBuildFile; fileRef = E11F01BA26C287B60053A777 /* ChecklistViewController.swift */; };
		E11F01BE26C287B60053A777 /* Main.storyboard in Resources */ = {isa = PBXBuildFile; fileRef = E11F01BC26C287B60053A777 /* Main.storyboard */; };
		E11F01C026C287BC0053A777 /* Assets.xcassets in Resources */ = {isa = PBXBuildFile; fileRef = E11F01BF26C287BC0053A777 /* Assets.xcassets */; };
		E14137A026CE5B7300300CAA /* DataModel.swift in Sources */ = {isa = PBXBuildFile; fileRef = E141379F26CE5B7300300CAA /* DataModel.swift */; };
		E14137A926CEF36800300CAA /* IconPickerViewController.swift in Sources */ = {isa = PBXBuildFile; fileRef = E14137A826CEF36800300CAA /* IconPickerViewController.swift */; };
		E164320826C3F60D00535B47 /* ChecklistItem.swift in Sources */ = {isa = PBXBuildFile; fileRef = E164320726C3F60D00535B47 /* ChecklistItem.swift */; };
		E164320A26C4228300535B47 /* ItemDetailViewController.swift in Sources */ = {isa = PBXBuildFile; fileRef = E164320926C4228300535B47 /* ItemDetailViewController.swift */; };
		E1F0562726CBA7D000A7AB45 /* AllListsTableViewController.swift in Sources */ = {isa = PBXBuildFile; fileRef = E1F0562626CBA7D000A7AB45 /* AllListsTableViewController.swift */; };
		E1F0562926CBC62100A7AB45 /* Checklist.swift in Sources */ = {isa = PBXBuildFile; fileRef = E1F0562826CBC62100A7AB45 /* Checklist.swift */; };
		E1F0562B26CBEA1D00A7AB45 /* ListDetailViewController.swift in Sources */ = {isa = PBXBuildFile; fileRef = E1F0562A26CBEA1D00A7AB45 /* ListDetailViewController.swift */; };
/* End PBXBuildFile section */

/* Begin PBXFileReference section */
		E11F01B326C287B60053A777 /* Checklists.app */ = {isa = PBXFileReference; explicitFileType = wrapper.application; includeInIndex = 0; path = Checklists.app; sourceTree = BUILT_PRODUCTS_DIR; };
		E11F01B626C287B60053A777 /* AppDelegate.swift */ = {isa = PBXFileReference; lastKnownFileType = sourcecode.swift; path = AppDelegate.swift; sourceTree = "<group>"; };
		E11F01B826C287B60053A777 /* SceneDelegate.swift */ = {isa = PBXFileReference; lastKnownFileType = sourcecode.swift; path = SceneDelegate.swift; sourceTree = "<group>"; };
		E11F01BA26C287B60053A777 /* ChecklistViewController.swift */ = {isa = PBXFileReference; lastKnownFileType = sourcecode.swift; path = ChecklistViewController.swift; sourceTree = "<group>"; };
		E11F01BD26C287B60053A777 /* Base */ = {isa = PBXFileReference; lastKnownFileType = file.storyboard; name = Base; path = Base.lproj/Main.storyboard; sourceTree = "<group>"; };
		E11F01BF26C287BC0053A777 /* Assets.xcassets */ = {isa = PBXFileReference; lastKnownFileType = folder.assetcatalog; path = Assets.xcassets; sourceTree = "<group>"; };
		E11F01C426C287BC0053A777 /* Info.plist */ = {isa = PBXFileReference; lastKnownFileType = text.plist.xml; path = Info.plist; sourceTree = "<group>"; };
		E141379F26CE5B7300300CAA /* DataModel.swift */ = {isa = PBXFileReference; lastKnownFileType = sourcecode.swift; path = DataModel.swift; sourceTree = "<group>"; };
		E14137A826CEF36800300CAA /* IconPickerViewController.swift */ = {isa = PBXFileReference; lastKnownFileType = sourcecode.swift; path = IconPickerViewController.swift; sourceTree = "<group>"; };
		E164320726C3F60D00535B47 /* ChecklistItem.swift */ = {isa = PBXFileReference; lastKnownFileType = sourcecode.swift; path = ChecklistItem.swift; sourceTree = "<group>"; };
		E164320926C4228300535B47 /* ItemDetailViewController.swift */ = {isa = PBXFileReference; lastKnownFileType = sourcecode.swift; path = ItemDetailViewController.swift; sourceTree = "<group>"; };
		E1F0562626CBA7D000A7AB45 /* AllListsTableViewController.swift */ = {isa = PBXFileReference; lastKnownFileType = sourcecode.swift; path = AllListsTableViewController.swift; sourceTree = "<group>"; };
		E1F0562826CBC62100A7AB45 /* Checklist.swift */ = {isa = PBXFileReference; lastKnownFileType = sourcecode.swift; path = Checklist.swift; sourceTree = "<group>"; };
		E1F0562A26CBEA1D00A7AB45 /* ListDetailViewController.swift */ = {isa = PBXFileReference; lastKnownFileType = sourcecode.swift; path = ListDetailViewController.swift; sourceTree = "<group>"; };
/* End PBXFileReference section */

/* Begin PBXFrameworksBuildPhase section */
		E11F01B026C287B60053A777 /* Frameworks */ = {
			isa = PBXFrameworksBuildPhase;
			buildActionMask = 2147483647;
			files = (
			);
			runOnlyForDeploymentPostprocessing = 0;
		};
/* End PBXFrameworksBuildPhase section */

/* Begin PBXGroup section */
		E11F01AA26C287B60053A777 = {
			isa = PBXGroup;
			children = (
				E11F01B526C287B60053A777 /* Checklists */,
				E11F01B426C287B60053A777 /* Products */,
			);
			sourceTree = "<group>";
		};
		E11F01B426C287B60053A777 /* Products */ = {
			isa = PBXGroup;
			children = (
				E11F01B326C287B60053A777 /* Checklists.app */,
			);
			name = Products;
			sourceTree = "<group>";
		};
		E11F01B526C287B60053A777 /* Checklists */ = {
			isa = PBXGroup;
			children = (
				E11F01C426C287BC0053A777 /* Info.plist */,
				E11F01B626C287B60053A777 /* AppDelegate.swift */,
				E11F01B826C287B60053A777 /* SceneDelegate.swift */,
				E14137A126CE779900300CAA /* Data Model */,
				E14137A326CE780200300CAA /* Resources */,
				E14137A226CE77C300300CAA /* ViewControllers */,
			);
			path = Checklists;
			sourceTree = "<group>";
		};
		E14137A126CE779900300CAA /* Data Model */ = {
			isa = PBXGroup;
			children = (
				E164320726C3F60D00535B47 /* ChecklistItem.swift */,
				E1F0562826CBC62100A7AB45 /* Checklist.swift */,
				E141379F26CE5B7300300CAA /* DataModel.swift */,
			);
			path = "Data Model";
			sourceTree = "<group>";
		};
		E14137A226CE77C300300CAA /* ViewControllers */ = {
			isa = PBXGroup;
			children = (
				E11F01BA26C287B60053A777 /* ChecklistViewController.swift */,
				E164320926C4228300535B47 /* ItemDetailViewController.swift */,
				E1F0562626CBA7D000A7AB45 /* AllListsTableViewController.swift */,
				E1F0562A26CBEA1D00A7AB45 /* ListDetailViewController.swift */,
				E14137A826CEF36800300CAA /* IconPickerViewController.swift */,
			);
			path = ViewControllers;
			sourceTree = "<group>";
		};
		E14137A326CE780200300CAA /* Resources */ = {
			isa = PBXGroup;
			children = (
				E11F01BC26C287B60053A777 /* Main.storyboard */,
				E11F01BF26C287BC0053A777 /* Assets.xcassets */,
			);
			path = Resources;
			sourceTree = "<group>";
		};
/* End PBXGroup section */

/* Begin PBXNativeTarget section */
		E11F01B226C287B60053A777 /* Checklists */ = {
			isa = PBXNativeTarget;
			buildConfigurationList = E11F01C726C287BC0053A777 /* Build configuration list for PBXNativeTarget "Checklists" */;
			buildPhases = (
				E11F01AF26C287B60053A777 /* Sources */,
				E11F01B026C287B60053A777 /* Frameworks */,
				E11F01B126C287B60053A777 /* Resources */,
			);
			buildRules = (
			);
			dependencies = (
			);
			name = Checklists;
			productName = Checklists;
			productReference = E11F01B326C287B60053A777 /* Checklists.app */;
			productType = "com.apple.product-type.application";
		};
/* End PBXNativeTarget section */

/* Begin PBXProject section */
		E11F01AB26C287B60053A777 /* Project object */ = {
			isa = PBXProject;
			attributes = {
				LastSwiftUpdateCheck = 1250;
				LastUpgradeCheck = 1250;
				TargetAttributes = {
					E11F01B226C287B60053A777 = {
						CreatedOnToolsVersion = 12.5.1;
					};
				};
			};
			buildConfigurationList = E11F01AE26C287B60053A777 /* Build configuration list for PBXProject "Checklists" */;
			compatibilityVersion = "Xcode 9.3";
			developmentRegion = en;
			hasScannedForEncodings = 0;
			knownRegions = (
				en,
				Base,
			);
			mainGroup = E11F01AA26C287B60053A777;
			productRefGroup = E11F01B426C287B60053A777 /* Products */;
			projectDirPath = "";
			projectRoot = "";
			targets = (
				E11F01B226C287B60053A777 /* Checklists */,
			);
		};
/* End PBXProject section */

/* Begin PBXResourcesBuildPhase section */
		E11F01B126C287B60053A777 /* Resources */ = {
			isa = PBXResourcesBuildPhase;
			buildActionMask = 2147483647;
			files = (
				E11F01C026C287BC0053A777 /* Assets.xcassets in Resources */,
				E11F01BE26C287B60053A777 /* Main.storyboard in Resources */,
			);
			runOnlyForDeploymentPostprocessing = 0;
		};
/* End PBXResourcesBuildPhase section */

/* Begin PBXSourcesBuildPhase section */
		E11F01AF26C287B60053A777 /* Sources */ = {
			isa = PBXSourcesBuildPhase;
			buildActionMask = 2147483647;
			files = (
				E164320A26C4228300535B47 /* ItemDetailViewController.swift in Sources */,
				E1F0562726CBA7D000A7AB45 /* AllListsTableViewController.swift in Sources */,
				E11F01BB26C287B60053A777 /* ChecklistViewController.swift in Sources */,
				E14137A926CEF36800300CAA /* IconPickerViewController.swift in Sources */,
				E11F01B726C287B60053A777 /* AppDelegate.swift in Sources */,
				E11F01B926C287B60053A777 /* SceneDelegate.swift in Sources */,
				E164320826C3F60D00535B47 /* ChecklistItem.swift in Sources */,
				E1F0562926CBC62100A7AB45 /* Checklist.swift in Sources */,
				E1F0562B26CBEA1D00A7AB45 /* ListDetailViewController.swift in Sources */,
				E14137A026CE5B7300300CAA /* DataModel.swift in Sources */,
			);
			runOnlyForDeploymentPostprocessing = 0;
		};
/* End PBXSourcesBuildPhase section */

/* Begin PBXVariantGroup section */
		E11F01BC26C287B60053A777 /* Main.storyboard */ = {
			isa = PBXVariantGroup;
			children = (
				E11F01BD26C287B60053A777 /* Base */,
			);
			name = Main.storyboard;
			sourceTree = "<group>";
		};
/* End PBXVariantGroup section */

/* Begin XCBuildConfiguration section */
		E11F01C526C287BC0053A777 /* Debug */ = {
			isa = XCBuildConfiguration;
			buildSettings = {
				ALWAYS_SEARCH_USER_PATHS = NO;
				CLANG_ANALYZER_NONNULL = YES;
				CLANG_ANALYZER_NUMBER_OBJECT_CONVERSION = YES_AGGRESSIVE;
				CLANG_CXX_LANGUAGE_STANDARD = "gnu++14";
				CLANG_CXX_LIBRARY = "libc++";
				CLANG_ENABLE_MODULES = YES;
				CLANG_ENABLE_OBJC_ARC = YES;
				CLANG_ENABLE_OBJC_WEAK = YES;
				CLANG_WARN_BLOCK_CAPTURE_AUTORELEASING = YES;
				CLANG_WARN_BOOL_CONVERSION = YES;
				CLANG_WARN_COMMA = YES;
				CLANG_WARN_CONSTANT_CONVERSION = YES;
				CLANG_WARN_DEPRECATED_OBJC_IMPLEMENTATIONS = YES;
				CLANG_WARN_DIRECT_OBJC_ISA_USAGE = YES_ERROR;
				CLANG_WARN_DOCUMENTATION_COMMENTS = YES;
				CLANG_WARN_EMPTY_BODY = YES;
				CLANG_WARN_ENUM_CONVERSION = YES;
				CLANG_WARN_INFINITE_RECURSION = YES;
				CLANG_WARN_INT_CONVERSION = YES;
				CLANG_WARN_NON_LITERAL_NULL_CONVERSION = YES;
				CLANG_WARN_OBJC_IMPLICIT_RETAIN_SELF = YES;
				CLANG_WARN_OBJC_LITERAL_CONVERSION = YES;
				CLANG_WARN_OBJC_ROOT_CLASS = YES_ERROR;
				CLANG_WARN_QUOTED_INCLUDE_IN_FRAMEWORK_HEADER = YES;
				CLANG_WARN_RANGE_LOOP_ANALYSIS = YES;
				CLANG_WARN_STRICT_PROTOTYPES = YES;
				CLANG_WARN_SUSPICIOUS_MOVE = YES;
				CLANG_WARN_UNGUARDED_AVAILABILITY = YES_AGGRESSIVE;
				CLANG_WARN_UNREACHABLE_CODE = YES;
				CLANG_WARN__DUPLICATE_METHOD_MATCH = YES;
				COPY_PHASE_STRIP = NO;
				DEBUG_INFORMATION_FORMAT = dwarf;
				ENABLE_STRICT_OBJC_MSGSEND = YES;
				ENABLE_TESTABILITY = YES;
				GCC_C_LANGUAGE_STANDARD = gnu11;
				GCC_DYNAMIC_NO_PIC = NO;
				GCC_NO_COMMON_BLOCKS = YES;
				GCC_OPTIMIZATION_LEVEL = 0;
				GCC_PREPROCESSOR_DEFINITIONS = (
					"DEBUG=1",
					"$(inherited)",
				);
				GCC_WARN_64_TO_32_BIT_CONVERSION = YES;
				GCC_WARN_ABOUT_RETURN_TYPE = YES_ERROR;
				GCC_WARN_UNDECLARED_SELECTOR = YES;
				GCC_WARN_UNINITIALIZED_AUTOS = YES_AGGRESSIVE;
				GCC_WARN_UNUSED_FUNCTION = YES;
				GCC_WARN_UNUSED_VARIABLE = YES;
				IPHONEOS_DEPLOYMENT_TARGET = 14.5;
				MTL_ENABLE_DEBUG_INFO = INCLUDE_SOURCE;
				MTL_FAST_MATH = YES;
				ONLY_ACTIVE_ARCH = YES;
				SDKROOT = iphoneos;
				SWIFT_ACTIVE_COMPILATION_CONDITIONS = DEBUG;
				SWIFT_OPTIMIZATION_LEVEL = "-Onone";
			};
			name = Debug;
		};
		E11F01C626C287BC0053A777 /* Release */ = {
			isa = XCBuildConfiguration;
			buildSettings = {
				ALWAYS_SEARCH_USER_PATHS = NO;
				CLANG_ANALYZER_NONNULL = YES;
				CLANG_ANALYZER_NUMBER_OBJECT_CONVERSION = YES_AGGRESSIVE;
				CLANG_CXX_LANGUAGE_STANDARD = "gnu++14";
				CLANG_CXX_LIBRARY = "libc++";
				CLANG_ENABLE_MODULES = YES;
				CLANG_ENABLE_OBJC_ARC = YES;
				CLANG_ENABLE_OBJC_WEAK = YES;
				CLANG_WARN_BLOCK_CAPTURE_AUTORELEASING = YES;
				CLANG_WARN_BOOL_CONVERSION = YES;
				CLANG_WARN_COMMA = YES;
				CLANG_WARN_CONSTANT_CONVERSION = YES;
				CLANG_WARN_DEPRECATED_OBJC_IMPLEMENTATIONS = YES;
				CLANG_WARN_DIRECT_OBJC_ISA_USAGE = YES_ERROR;
				CLANG_WARN_DOCUMENTATION_COMMENTS = YES;
				CLANG_WARN_EMPTY_BODY = YES;
				CLANG_WARN_ENUM_CONVERSION = YES;
				CLANG_WARN_INFINITE_RECURSION = YES;
				CLANG_WARN_INT_CONVERSION = YES;
				CLANG_WARN_NON_LITERAL_NULL_CONVERSION = YES;
				CLANG_WARN_OBJC_IMPLICIT_RETAIN_SELF = YES;
				CLANG_WARN_OBJC_LITERAL_CONVERSION = YES;
				CLANG_WARN_OBJC_ROOT_CLASS = YES_ERROR;
				CLANG_WARN_QUOTED_INCLUDE_IN_FRAMEWORK_HEADER = YES;
				CLANG_WARN_RANGE_LOOP_ANALYSIS = YES;
				CLANG_WARN_STRICT_PROTOTYPES = YES;
				CLANG_WARN_SUSPICIOUS_MOVE = YES;
				CLANG_WARN_UNGUARDED_AVAILABILITY = YES_AGGRESSIVE;
				CLANG_WARN_UNREACHABLE_CODE = YES;
				CLANG_WARN__DUPLICATE_METHOD_MATCH = YES;
				COPY_PHASE_STRIP = NO;
				DEBUG_INFORMATION_FORMAT = "dwarf-with-dsym";
				ENABLE_NS_ASSERTIONS = NO;
				ENABLE_STRICT_OBJC_MSGSEND = YES;
				GCC_C_LANGUAGE_STANDARD = gnu11;
				GCC_NO_COMMON_BLOCKS = YES;
				GCC_WARN_64_TO_32_BIT_CONVERSION = YES;
				GCC_WARN_ABOUT_RETURN_TYPE = YES_ERROR;
				GCC_WARN_UNDECLARED_SELECTOR = YES;
				GCC_WARN_UNINITIALIZED_AUTOS = YES_AGGRESSIVE;
				GCC_WARN_UNUSED_FUNCTION = YES;
				GCC_WARN_UNUSED_VARIABLE = YES;
				IPHONEOS_DEPLOYMENT_TARGET = 14.5;
				MTL_ENABLE_DEBUG_INFO = NO;
				MTL_FAST_MATH = YES;
				SDKROOT = iphoneos;
				SWIFT_COMPILATION_MODE = wholemodule;
				SWIFT_OPTIMIZATION_LEVEL = "-O";
				VALIDATE_PRODUCT = YES;
			};
			name = Release;
		};
		E11F01C826C287BC0053A777 /* Debug */ = {
			isa = XCBuildConfiguration;
			buildSettings = {
				ASSETCATALOG_COMPILER_APPICON_NAME = AppIcon;
				ASSETCATALOG_COMPILER_GLOBAL_ACCENT_COLOR_NAME = AccentColor;
				CODE_SIGN_STYLE = Automatic;
				DEVELOPMENT_TEAM = T6T6SV744W;
				INFOPLIST_FILE = Checklists/Info.plist;
				LD_RUNPATH_SEARCH_PATHS = (
					"$(inherited)",
					"@executable_path/Frameworks",
				);
				PRODUCT_BUNDLE_IDENTIFIER = jotkafomat.Checklists;
				PRODUCT_NAME = "$(TARGET_NAME)";
				SWIFT_VERSION = 5.0;
				TARGETED_DEVICE_FAMILY = "1,2";
			};
			name = Debug;
		};
		E11F01C926C287BC0053A777 /* Release */ = {
			isa = XCBuildConfiguration;
			buildSettings = {
				ASSETCATALOG_COMPILER_APPICON_NAME = AppIcon;
				ASSETCATALOG_COMPILER_GLOBAL_ACCENT_COLOR_NAME = AccentColor;
				CODE_SIGN_STYLE = Automatic;
				DEVELOPMENT_TEAM = T6T6SV744W;
				INFOPLIST_FILE = Checklists/Info.plist;
				LD_RUNPATH_SEARCH_PATHS = (
					"$(inherited)",
					"@executable_path/Frameworks",
				);
				PRODUCT_BUNDLE_IDENTIFIER = jotkafomat.Checklists;
				PRODUCT_NAME = "$(TARGET_NAME)";
				SWIFT_VERSION = 5.0;
				TARGETED_DEVICE_FAMILY = "1,2";
			};
			name = Release;
		};
/* End XCBuildConfiguration section */

/* Begin XCConfigurationList section */
		E11F01AE26C287B60053A777 /* Build configuration list for PBXProject "Checklists" */ = {
			isa = XCConfigurationList;
			buildConfigurations = (
				E11F01C526C287BC0053A777 /* Debug */,
				E11F01C626C287BC0053A777 /* Release */,
			);
			defaultConfigurationIsVisible = 0;
			defaultConfigurationName = Release;
		};
		E11F01C726C287BC0053A777 /* Build configuration list for PBXNativeTarget "Checklists" */ = {
			isa = XCConfigurationList;
			buildConfigurations = (
				E11F01C826C287BC0053A777 /* Debug */,
				E11F01C926C287BC0053A777 /* Release */,
			);
			defaultConfigurationIsVisible = 0;
			defaultConfigurationName = Release;
		};
/* End XCConfigurationList section */
	};
	rootObject = E11F01AB26C287B60053A777 /* Project object */;
}
